<?xml version="1.0" encoding="UTF-8" standalone="yes" ?>
<CodeBlocks_project_file>
	<FileVersion major="1" minor="6" />
	<Project>
		<Option title="O_Nes_Sama" />
		<Option pch_mode="2" />
		<Option compiler="gcc" />
		<Build>
			<Target title="Debug">
				<Option output="bin/Debug/O_Nes_Sama" prefix_auto="1" extension_auto="1" />
				<Option object_output="obj/Debug/" />
				<Option type="1" />
				<Option compiler="gcc" />
				<Compiler>
					<Add option="-g" />
				</Compiler>
			</Target>
			<Target title="Release">
				<Option output="bin/Release/O_Nes_Sama" prefix_auto="1" extension_auto="1" />
				<Option object_output="obj/Release/" />
				<Option type="1" />
				<Option compiler="gcc" />
				<Compiler>
					<Add option="-O3" />
				</Compiler>
				<Linker>
					<Add option="-s" />
				</Linker>
			</Target>
		</Build>
		<Compiler>
			<Add option="-Wextra" />
			<Add option="-Wall" />
			<Add option="-std=c++11" />
			<Add option="-fexceptions" />
			<Add directory="C:/SDL32/include" />
			<Add directory="C:/GnuWin32/include" />
		</Compiler>
		<Linker>
			<Add library="SDL2" />
			<Add library="SDL2main" />
			<Add library="SDL2_net" />
			<Add library="z" />
			<Add directory="C:/SDL32/lib" />
			<Add directory="C:/GnuWin32/lib" />
		</Linker>
		<Unit filename="APU.cpp" />
		<Unit filename="APU.h" />
		<Unit filename="CPU.cpp" />
		<Unit filename="CPU.h" />
		<Unit filename="CPUIO.hpp" />
		<Unit filename="CPUSharedData.h" />
		<Unit filename="Cartridge/CartDB.hpp" />
		<Unit filename="Cartridge/CartIO.hpp" />
		<Unit filename="Cartridge/Cartridge.cpp" />
		<Unit filename="Cartridge/Cartridge.hpp" />
		<Unit filename="Cartridge/Mappers/AxROM.cpp" />
		<Unit filename="Cartridge/Mappers/AxROM.hpp" />
		<Unit filename="Cartridge/Mappers/BasicMapper.cpp" />
		<Unit filename="Cartridge/Mappers/BasicMapper.hpp" />
		<Unit filename="Cartridge/Mappers/CNROM.cpp" />
		<Unit filename="Cartridge/Mappers/CNROM.hpp" />
		<Unit filename="Cartridge/Mappers/GxROM.cpp" />
		<Unit filename="Cartridge/Mappers/GxROM.hpp" />
		<Unit filename="Cartridge/Mappers/MMC1.cpp" />
		<Unit filename="Cartridge/Mappers/MMC1.hpp" />
		<Unit filename="Cartridge/Mappers/MMC2_4.cpp" />
		<Unit filename="Cartridge/Mappers/MMC2_4.hpp" />
		<Unit filename="Cartridge/Mappers/MMC3.cpp" />
		<Unit filename="Cartridge/Mappers/MMC3.hpp" />
		<Unit filename="Cartridge/Mappers/MMC5.cpp" />
		<Unit filename="Cartridge/Mappers/MMC5.hpp" />
		<Unit filename="Cartridge/Mappers/MemoryMapper.cpp" />
		<Unit filename="Cartridge/Mappers/MemoryMapper.h" />
		<Unit filename="Cartridge/Mappers/UxROM.cpp" />
		<Unit filename="Cartridge/Mappers/UxROM.hpp" />
		<Unit filename="Debugger/Breakpoint.cpp" />
		<Unit filename="Debugger/Breakpoint.h" />
		<Unit filename="Debugger/Debugger.cpp" />
		<Unit filename="Debugger/Debugger.h" />
		<Unit filename="Debugger/SocketServer.cpp" />
		<Unit filename="Debugger/SocketServer.h" />
		<Unit filename="Input.cpp" />
		<Unit filename="Input.h" />
		<Unit filename="Logging/CPULogger.cpp" />
		<Unit filename="Logging/CPULogger.h" />
		<Unit filename="Logging/Logger.cpp" />
		<Unit filename="Logging/Logger.h" />
		<Unit filename="PPU.cpp" />
		<Unit filename="PPU.h" />
		<Unit filename="RetroAudio.cpp" />
		<Unit filename="RetroAudio.hpp" />
		<Unit filename="RetroGraphix/Color.cpp" />
		<Unit filename="RetroGraphix/Color.hpp" />
		<Unit filename="RetroGraphix/Drawable.hpp" />
		<Unit filename="RetroGraphix/GraphixEngine.cpp" />
		<Unit filename="RetroGraphix/GraphixEngine.hpp" />
		<Unit filename="RetroGraphix/Sprite.cpp" />
		<Unit filename="RetroGraphix/Sprite.hpp" />
		<Unit filename="RetroGraphix/Texture.cpp" />
		<Unit filename="RetroGraphix/Texture.hpp" />
		<Unit filename="main.cpp" />
		<Unit filename="opcodes.inc" />
		<Extensions>
			<lib_finder disable_auto="1" />
		</Extensions>
	</Project>
</CodeBlocks_project_file>
